// !$*UTF8*$!
{
	archiveVersion = 1;
	classes = {
	};
	objectVersion = 51;
	objects = {

/* Begin PBXBuildFile section */
		0128F22F18658E200CB928B9 /* Pods_Kmeza_KmezaUITests.framework in Frameworks */ = {isa = PBXBuildFile; fileRef = 19E690F6ABF1D54C28D77BBC /* Pods_Kmeza_KmezaUITests.framework */; };
		24EF1C9919C8029B9EFE14A5 /* Pods_KmezaTests.framework in Frameworks */ = {isa = PBXBuildFile; fileRef = 05A9D41559F69038F2ED0A99 /* Pods_KmezaTests.framework */; };
		730A6FF125AF3A8C0068576C /* InformationOfProduct.swift in Sources */ = {isa = PBXBuildFile; fileRef = 730A6FF025AF3A8C0068576C /* InformationOfProduct.swift */; };
		731B1E72258E253400D0A2F6 /* Lora-Regular.ttf in Resources */ = {isa = PBXBuildFile; fileRef = 731B1E6A258E253400D0A2F6 /* Lora-Regular.ttf */; };
		731B1E73258E253400D0A2F6 /* Lora-Italic.ttf in Resources */ = {isa = PBXBuildFile; fileRef = 731B1E6B258E253400D0A2F6 /* Lora-Italic.ttf */; };
		731B1E74258E253400D0A2F6 /* Lora-BoldItalic.ttf in Resources */ = {isa = PBXBuildFile; fileRef = 731B1E6C258E253400D0A2F6 /* Lora-BoldItalic.ttf */; };
		731B1E75258E253400D0A2F6 /* Lora-SemiBoldItalic.ttf in Resources */ = {isa = PBXBuildFile; fileRef = 731B1E6D258E253400D0A2F6 /* Lora-SemiBoldItalic.ttf */; };
		731B1E76258E253400D0A2F6 /* Lora-Medium.ttf in Resources */ = {isa = PBXBuildFile; fileRef = 731B1E6E258E253400D0A2F6 /* Lora-Medium.ttf */; };
		731B1E77258E253400D0A2F6 /* Lora-SemiBold.ttf in Resources */ = {isa = PBXBuildFile; fileRef = 731B1E6F258E253400D0A2F6 /* Lora-SemiBold.ttf */; };
		731B1E78258E253400D0A2F6 /* Lora-MediumItalic.ttf in Resources */ = {isa = PBXBuildFile; fileRef = 731B1E70258E253400D0A2F6 /* Lora-MediumItalic.ttf */; };
		731B1E79258E253400D0A2F6 /* Lora-Bold.ttf in Resources */ = {isa = PBXBuildFile; fileRef = 731B1E71258E253400D0A2F6 /* Lora-Bold.ttf */; };
		731B1E87258E254500D0A2F6 /* OpenSans-BoldItalic.ttf in Resources */ = {isa = PBXBuildFile; fileRef = 731B1E7D258E254400D0A2F6 /* OpenSans-BoldItalic.ttf */; };
		731B1E88258E254500D0A2F6 /* OpenSans-LightItalic.ttf in Resources */ = {isa = PBXBuildFile; fileRef = 731B1E7E258E254400D0A2F6 /* OpenSans-LightItalic.ttf */; };
		731B1E89258E254500D0A2F6 /* OpenSans-Regular.ttf in Resources */ = {isa = PBXBuildFile; fileRef = 731B1E7F258E254400D0A2F6 /* OpenSans-Regular.ttf */; };
		731B1E8A258E254500D0A2F6 /* OpenSans-SemiBoldItalic.ttf in Resources */ = {isa = PBXBuildFile; fileRef = 731B1E80258E254400D0A2F6 /* OpenSans-SemiBoldItalic.ttf */; };
		731B1E8B258E254500D0A2F6 /* OpenSans-ExtraBold.ttf in Resources */ = {isa = PBXBuildFile; fileRef = 731B1E81258E254400D0A2F6 /* OpenSans-ExtraBold.ttf */; };
		731B1E8C258E254500D0A2F6 /* OpenSans-Bold.ttf in Resources */ = {isa = PBXBuildFile; fileRef = 731B1E82258E254400D0A2F6 /* OpenSans-Bold.ttf */; };
		731B1E8D258E254500D0A2F6 /* OpenSans-ExtraBoldItalic.ttf in Resources */ = {isa = PBXBuildFile; fileRef = 731B1E83258E254400D0A2F6 /* OpenSans-ExtraBoldItalic.ttf */; };
		731B1E8E258E254500D0A2F6 /* OpenSans-Light.ttf in Resources */ = {isa = PBXBuildFile; fileRef = 731B1E84258E254500D0A2F6 /* OpenSans-Light.ttf */; };
		731B1E8F258E254500D0A2F6 /* OpenSans-SemiBold.ttf in Resources */ = {isa = PBXBuildFile; fileRef = 731B1E85258E254500D0A2F6 /* OpenSans-SemiBold.ttf */; };
		731B1E90258E254500D0A2F6 /* OpenSans-Italic.ttf in Resources */ = {isa = PBXBuildFile; fileRef = 731B1E86258E254500D0A2F6 /* OpenSans-Italic.ttf */; };
		7322247325A650720080D2DC /* HomeScreenViewController.swift in Sources */ = {isa = PBXBuildFile; fileRef = 7322247225A650720080D2DC /* HomeScreenViewController.swift */; };
		73270076259FA33F001B0F69 /* TextFieldWithPadding.swift in Sources */ = {isa = PBXBuildFile; fileRef = 73270075259FA33F001B0F69 /* TextFieldWithPadding.swift */; };
		7327007E259FA3E1001B0F69 /* Extension+UITextField.swift in Sources */ = {isa = PBXBuildFile; fileRef = 7327007D259FA3E1001B0F69 /* Extension+UITextField.swift */; };
		734DE2802586780C0006E607 /* AppDelegate.swift in Sources */ = {isa = PBXBuildFile; fileRef = 734DE27F2586780C0006E607 /* AppDelegate.swift */; };
		734DE2822586780C0006E607 /* SceneDelegate.swift in Sources */ = {isa = PBXBuildFile; fileRef = 734DE2812586780C0006E607 /* SceneDelegate.swift */; };
		734DE2872586780C0006E607 /* Main.storyboard in Resources */ = {isa = PBXBuildFile; fileRef = 734DE2852586780C0006E607 /* Main.storyboard */; };
		734DE2892586780C0006E607 /* Assets.xcassets in Resources */ = {isa = PBXBuildFile; fileRef = 734DE2882586780C0006E607 /* Assets.xcassets */; };
		734DE28C2586780C0006E607 /* LaunchScreen.storyboard in Resources */ = {isa = PBXBuildFile; fileRef = 734DE28A2586780C0006E607 /* LaunchScreen.storyboard */; };
		734DE2972586780C0006E607 /* KmezaTests.swift in Sources */ = {isa = PBXBuildFile; fileRef = 734DE2962586780C0006E607 /* KmezaTests.swift */; };
		734DE2A22586780C0006E607 /* KmezaUITests.swift in Sources */ = {isa = PBXBuildFile; fileRef = 734DE2A12586780C0006E607 /* KmezaUITests.swift */; };
		7357F4E125A85F4500D62454 /* Reference.swift in Sources */ = {isa = PBXBuildFile; fileRef = 7357F4E025A85F4500D62454 /* Reference.swift */; };
		7357F51A25A8740000D62454 /* SignInViewController.swift in Sources */ = {isa = PBXBuildFile; fileRef = 7357F51925A8740000D62454 /* SignInViewController.swift */; };
		7358014F25AC418E00FB544E /* NewestProduct.swift in Sources */ = {isa = PBXBuildFile; fileRef = 7358014E25AC418E00FB544E /* NewestProduct.swift */; };
		7358015425AC44CC00FB544E /* NewestProductsTableViewController.swift in Sources */ = {isa = PBXBuildFile; fileRef = 7358015325AC44CC00FB544E /* NewestProductsTableViewController.swift */; };
		7358015925AC45AF00FB544E /* NewestProductsTableViewCell.swift in Sources */ = {isa = PBXBuildFile; fileRef = 7358015825AC45AF00FB544E /* NewestProductsTableViewCell.swift */; };
		735898D32597918200CE5042 /* ShowViewScreen.swift in Sources */ = {isa = PBXBuildFile; fileRef = 735898D22597918200CE5042 /* ShowViewScreen.swift */; };
		73597B03259F2B8C009097D7 /* Extension+Color.swift in Sources */ = {isa = PBXBuildFile; fileRef = 73597B02259F2B8C009097D7 /* Extension+Color.swift */; };
		73597B08259F2BE4009097D7 /* AddActivityIndicator.swift in Sources */ = {isa = PBXBuildFile; fileRef = 73597B07259F2BE4009097D7 /* AddActivityIndicator.swift */; };
		735ED91125ADAAC2003F8AEB /* DiscoverCollectionViewController.swift in Sources */ = {isa = PBXBuildFile; fileRef = 735ED91025ADAAC2003F8AEB /* DiscoverCollectionViewController.swift */; };
		735ED91625ADAAFD003F8AEB /* DiscoverCollectionViewCell.swift in Sources */ = {isa = PBXBuildFile; fileRef = 735ED91525ADAAFD003F8AEB /* DiscoverCollectionViewCell.swift */; };
		735ED91B25ADAC1D003F8AEB /* DiscoverProduct.swift in Sources */ = {isa = PBXBuildFile; fileRef = 735ED91A25ADAC1D003F8AEB /* DiscoverProduct.swift */; };
		735ED92025ADCACC003F8AEB /* Extension+Image.swift in Sources */ = {isa = PBXBuildFile; fileRef = 735ED91F25ADCACC003F8AEB /* Extension+Image.swift */; };
		735ED92925ADFB86003F8AEB /* FlashSaleCollectionViewCell.swift in Sources */ = {isa = PBXBuildFile; fileRef = 735ED92825ADFB86003F8AEB /* FlashSaleCollectionViewCell.swift */; };
		735ED93125ADFBA7003F8AEB /* FlashSaleCollectionViewController.swift in Sources */ = {isa = PBXBuildFile; fileRef = 735ED93025ADFBA7003F8AEB /* FlashSaleCollectionViewController.swift */; };
		735ED93625ADFBEC003F8AEB /* FlashSaleProduct.swift in Sources */ = {isa = PBXBuildFile; fileRef = 735ED93525ADFBEC003F8AEB /* FlashSaleProduct.swift */; };
		736D8040258F8FB0005F0BA8 /* Extension+Button.swift in Sources */ = {isa = PBXBuildFile; fileRef = 736D803F258F8FB0005F0BA8 /* Extension+Button.swift */; };
		7373485E25A3961200FD6D50 /* Extension+String.swift in Sources */ = {isa = PBXBuildFile; fileRef = 7373485D25A3961200FD6D50 /* Extension+String.swift */; };
		737CC738259BC7D600B861BD /* WelcomeFeature.swift in Sources */ = {isa = PBXBuildFile; fileRef = 737CC737259BC7D600B861BD /* WelcomeFeature.swift */; };
		737CC743259BCACF00B861BD /* WelcomeFeatureCollectionViewCell.swift in Sources */ = {isa = PBXBuildFile; fileRef = 737CC742259BCACF00B861BD /* WelcomeFeatureCollectionViewCell.swift */; };
		737CC748259BCB3300B861BD /* WelcomeFeatureCollectionViewController.swift in Sources */ = {isa = PBXBuildFile; fileRef = 737CC747259BCB3300B861BD /* WelcomeFeatureCollectionViewController.swift */; };
		73849277258E370100F665E8 /* WelcomeViewController.swift in Sources */ = {isa = PBXBuildFile; fileRef = 73849276258E370100F665E8 /* WelcomeViewController.swift */; };
		73849289258E3AA000F665E8 /* WalkthroughViewController.swift in Sources */ = {isa = PBXBuildFile; fileRef = 73849288258E3AA000F665E8 /* WalkthroughViewController.swift */; };
		738492A5258E8BE000F665E8 /* WalkthroughCollectionViewCell.swift in Sources */ = {isa = PBXBuildFile; fileRef = 738492A4258E8BE000F665E8 /* WalkthroughCollectionViewCell.swift */; };
		738492AB258E997900F665E8 /* WalkthroughInformation.swift in Sources */ = {isa = PBXBuildFile; fileRef = 738492AA258E997900F665E8 /* WalkthroughInformation.swift */; };
		73947C7B2593AB92008A1781 /* UserDefault Save + Fetch .swift in Sources */ = {isa = PBXBuildFile; fileRef = 73947C7A2593AB92008A1781 /* UserDefault Save + Fetch .swift */; };
		73947C802593B055008A1781 /* Values.swift in Sources */ = {isa = PBXBuildFile; fileRef = 73947C7F2593B055008A1781 /* Values.swift */; };
		73A2367425A5E224007E8664 /* SignWithAppleID.swift in Sources */ = {isa = PBXBuildFile; fileRef = 73A2367325A5E224007E8664 /* SignWithAppleID.swift */; };
		73AB239A259DC476004BAA64 /* SignUpViewController.swift in Sources */ = {isa = PBXBuildFile; fileRef = 73AB2399259DC476004BAA64 /* SignUpViewController.swift */; };
		73D8789A25A5B3CD00F33B63 /* GoogleService-Info.plist in Resources */ = {isa = PBXBuildFile; fileRef = 73D8789925A5B3CD00F33B63 /* GoogleService-Info.plist */; };
		73F1D61925A8BF4E0060A904 /* AuthorizationInFirebase.swift in Sources */ = {isa = PBXBuildFile; fileRef = 73F1D61825A8BF4E0060A904 /* AuthorizationInFirebase.swift */; };
		DDDAACF37728C8DD26C9272B /* Pods_Kmeza.framework in Frameworks */ = {isa = PBXBuildFile; fileRef = DDA222FB57193DC11B04AD00 /* Pods_Kmeza.framework */; };
/* End PBXBuildFile section */

/* Begin PBXContainerItemProxy section */
		734DE2932586780C0006E607 /* PBXContainerItemProxy */ = {
			isa = PBXContainerItemProxy;
			containerPortal = 734DE2742586780C0006E607 /* Project object */;
			proxyType = 1;
			remoteGlobalIDString = 734DE27B2586780C0006E607;
			remoteInfo = Kmeza;
		};
		734DE29E2586780C0006E607 /* PBXContainerItemProxy */ = {
			isa = PBXContainerItemProxy;
			containerPortal = 734DE2742586780C0006E607 /* Project object */;
			proxyType = 1;
			remoteGlobalIDString = 734DE27B2586780C0006E607;
			remoteInfo = Kmeza;
		};
/* End PBXContainerItemProxy section */

/* Begin PBXFileReference section */
		05A9D41559F69038F2ED0A99 /* Pods_KmezaTests.framework */ = {isa = PBXFileReference; explicitFileType = wrapper.framework; includeInIndex = 0; path = Pods_KmezaTests.framework; sourceTree = BUILT_PRODUCTS_DIR; };
		19E690F6ABF1D54C28D77BBC /* Pods_Kmeza_KmezaUITests.framework */ = {isa = PBXFileReference; explicitFileType = wrapper.framework; includeInIndex = 0; path = Pods_Kmeza_KmezaUITests.framework; sourceTree = BUILT_PRODUCTS_DIR; };
		730A6FF025AF3A8C0068576C /* InformationOfProduct.swift */ = {isa = PBXFileReference; lastKnownFileType = sourcecode.swift; path = InformationOfProduct.swift; sourceTree = "<group>"; };
		731B1E6A258E253400D0A2F6 /* Lora-Regular.ttf */ = {isa = PBXFileReference; lastKnownFileType = file; path = "Lora-Regular.ttf"; sourceTree = "<group>"; };
		731B1E6B258E253400D0A2F6 /* Lora-Italic.ttf */ = {isa = PBXFileReference; lastKnownFileType = file; path = "Lora-Italic.ttf"; sourceTree = "<group>"; };
		731B1E6C258E253400D0A2F6 /* Lora-BoldItalic.ttf */ = {isa = PBXFileReference; lastKnownFileType = file; path = "Lora-BoldItalic.ttf"; sourceTree = "<group>"; };
		731B1E6D258E253400D0A2F6 /* Lora-SemiBoldItalic.ttf */ = {isa = PBXFileReference; lastKnownFileType = file; path = "Lora-SemiBoldItalic.ttf"; sourceTree = "<group>"; };
		731B1E6E258E253400D0A2F6 /* Lora-Medium.ttf */ = {isa = PBXFileReference; lastKnownFileType = file; path = "Lora-Medium.ttf"; sourceTree = "<group>"; };
		731B1E6F258E253400D0A2F6 /* Lora-SemiBold.ttf */ = {isa = PBXFileReference; lastKnownFileType = file; path = "Lora-SemiBold.ttf"; sourceTree = "<group>"; };
		731B1E70258E253400D0A2F6 /* Lora-MediumItalic.ttf */ = {isa = PBXFileReference; lastKnownFileType = file; path = "Lora-MediumItalic.ttf"; sourceTree = "<group>"; };
		731B1E71258E253400D0A2F6 /* Lora-Bold.ttf */ = {isa = PBXFileReference; lastKnownFileType = file; path = "Lora-Bold.ttf"; sourceTree = "<group>"; };
		731B1E7D258E254400D0A2F6 /* OpenSans-BoldItalic.ttf */ = {isa = PBXFileReference; lastKnownFileType = file; path = "OpenSans-BoldItalic.ttf"; sourceTree = "<group>"; };
		731B1E7E258E254400D0A2F6 /* OpenSans-LightItalic.ttf */ = {isa = PBXFileReference; lastKnownFileType = file; path = "OpenSans-LightItalic.ttf"; sourceTree = "<group>"; };
		731B1E7F258E254400D0A2F6 /* OpenSans-Regular.ttf */ = {isa = PBXFileReference; lastKnownFileType = file; path = "OpenSans-Regular.ttf"; sourceTree = "<group>"; };
		731B1E80258E254400D0A2F6 /* OpenSans-SemiBoldItalic.ttf */ = {isa = PBXFileReference; lastKnownFileType = file; path = "OpenSans-SemiBoldItalic.ttf"; sourceTree = "<group>"; };
		731B1E81258E254400D0A2F6 /* OpenSans-ExtraBold.ttf */ = {isa = PBXFileReference; lastKnownFileType = file; path = "OpenSans-ExtraBold.ttf"; sourceTree = "<group>"; };
		731B1E82258E254400D0A2F6 /* OpenSans-Bold.ttf */ = {isa = PBXFileReference; lastKnownFileType = file; path = "OpenSans-Bold.ttf"; sourceTree = "<group>"; };
		731B1E83258E254400D0A2F6 /* OpenSans-ExtraBoldItalic.ttf */ = {isa = PBXFileReference; lastKnownFileType = file; path = "OpenSans-ExtraBoldItalic.ttf"; sourceTree = "<group>"; };
		731B1E84258E254500D0A2F6 /* OpenSans-Light.ttf */ = {isa = PBXFileReference; lastKnownFileType = file; path = "OpenSans-Light.ttf"; sourceTree = "<group>"; };
		731B1E85258E254500D0A2F6 /* OpenSans-SemiBold.ttf */ = {isa = PBXFileReference; lastKnownFileType = file; path = "OpenSans-SemiBold.ttf"; sourceTree = "<group>"; };
		731B1E86258E254500D0A2F6 /* OpenSans-Italic.ttf */ = {isa = PBXFileReference; lastKnownFileType = file; path = "OpenSans-Italic.ttf"; sourceTree = "<group>"; };
		7322247225A650720080D2DC /* HomeScreenViewController.swift */ = {isa = PBXFileReference; lastKnownFileType = sourcecode.swift; path = HomeScreenViewController.swift; sourceTree = "<group>"; };
		73270075259FA33F001B0F69 /* TextFieldWithPadding.swift */ = {isa = PBXFileReference; lastKnownFileType = sourcecode.swift; path = TextFieldWithPadding.swift; sourceTree = "<group>"; };
		7327007D259FA3E1001B0F69 /* Extension+UITextField.swift */ = {isa = PBXFileReference; lastKnownFileType = sourcecode.swift; path = "Extension+UITextField.swift"; sourceTree = "<group>"; };
		734DE27C2586780C0006E607 /* Kmeza.app */ = {isa = PBXFileReference; explicitFileType = wrapper.application; includeInIndex = 0; path = Kmeza.app; sourceTree = BUILT_PRODUCTS_DIR; };
		734DE27F2586780C0006E607 /* AppDelegate.swift */ = {isa = PBXFileReference; lastKnownFileType = sourcecode.swift; path = AppDelegate.swift; sourceTree = "<group>"; };
		734DE2812586780C0006E607 /* SceneDelegate.swift */ = {isa = PBXFileReference; lastKnownFileType = sourcecode.swift; path = SceneDelegate.swift; sourceTree = "<group>"; };
		734DE2862586780C0006E607 /* Base */ = {isa = PBXFileReference; lastKnownFileType = file.storyboard; name = Base; path = Base.lproj/Main.storyboard; sourceTree = "<group>"; };
		734DE2882586780C0006E607 /* Assets.xcassets */ = {isa = PBXFileReference; lastKnownFileType = folder.assetcatalog; path = Assets.xcassets; sourceTree = "<group>"; };
		734DE28B2586780C0006E607 /* Base */ = {isa = PBXFileReference; lastKnownFileType = file.storyboard; name = Base; path = Base.lproj/LaunchScreen.storyboard; sourceTree = "<group>"; };
		734DE28D2586780C0006E607 /* Info.plist */ = {isa = PBXFileReference; lastKnownFileType = text.plist.xml; path = Info.plist; sourceTree = "<group>"; };
		734DE2922586780C0006E607 /* KmezaTests.xctest */ = {isa = PBXFileReference; explicitFileType = wrapper.cfbundle; includeInIndex = 0; path = KmezaTests.xctest; sourceTree = BUILT_PRODUCTS_DIR; };
		734DE2962586780C0006E607 /* KmezaTests.swift */ = {isa = PBXFileReference; lastKnownFileType = sourcecode.swift; path = KmezaTests.swift; sourceTree = "<group>"; };
		734DE2982586780C0006E607 /* Info.plist */ = {isa = PBXFileReference; lastKnownFileType = text.plist.xml; path = Info.plist; sourceTree = "<group>"; };
		734DE29D2586780C0006E607 /* KmezaUITests.xctest */ = {isa = PBXFileReference; explicitFileType = wrapper.cfbundle; includeInIndex = 0; path = KmezaUITests.xctest; sourceTree = BUILT_PRODUCTS_DIR; };
		734DE2A12586780C0006E607 /* KmezaUITests.swift */ = {isa = PBXFileReference; lastKnownFileType = sourcecode.swift; path = KmezaUITests.swift; sourceTree = "<group>"; };
		734DE2A32586780C0006E607 /* Info.plist */ = {isa = PBXFileReference; lastKnownFileType = text.plist.xml; path = Info.plist; sourceTree = "<group>"; };
		7357F4E025A85F4500D62454 /* Reference.swift */ = {isa = PBXFileReference; lastKnownFileType = sourcecode.swift; path = Reference.swift; sourceTree = "<group>"; };
		7357F51925A8740000D62454 /* SignInViewController.swift */ = {isa = PBXFileReference; lastKnownFileType = sourcecode.swift; path = SignInViewController.swift; sourceTree = "<group>"; };
		7358014E25AC418E00FB544E /* NewestProduct.swift */ = {isa = PBXFileReference; lastKnownFileType = sourcecode.swift; path = NewestProduct.swift; sourceTree = "<group>"; };
		7358015325AC44CC00FB544E /* NewestProductsTableViewController.swift */ = {isa = PBXFileReference; lastKnownFileType = sourcecode.swift; path = NewestProductsTableViewController.swift; sourceTree = "<group>"; };
		7358015825AC45AF00FB544E /* NewestProductsTableViewCell.swift */ = {isa = PBXFileReference; lastKnownFileType = sourcecode.swift; path = NewestProductsTableViewCell.swift; sourceTree = "<group>"; };
		735898D22597918200CE5042 /* ShowViewScreen.swift */ = {isa = PBXFileReference; lastKnownFileType = sourcecode.swift; path = ShowViewScreen.swift; sourceTree = "<group>"; };
		73597B02259F2B8C009097D7 /* Extension+Color.swift */ = {isa = PBXFileReference; lastKnownFileType = sourcecode.swift; path = "Extension+Color.swift"; sourceTree = "<group>"; };
		73597B07259F2BE4009097D7 /* AddActivityIndicator.swift */ = {isa = PBXFileReference; lastKnownFileType = sourcecode.swift; path = AddActivityIndicator.swift; sourceTree = "<group>"; };
		735ED91025ADAAC2003F8AEB /* DiscoverCollectionViewController.swift */ = {isa = PBXFileReference; lastKnownFileType = sourcecode.swift; path = DiscoverCollectionViewController.swift; sourceTree = "<group>"; };
		735ED91525ADAAFD003F8AEB /* DiscoverCollectionViewCell.swift */ = {isa = PBXFileReference; lastKnownFileType = sourcecode.swift; path = DiscoverCollectionViewCell.swift; sourceTree = "<group>"; };
		735ED91A25ADAC1D003F8AEB /* DiscoverProduct.swift */ = {isa = PBXFileReference; lastKnownFileType = sourcecode.swift; path = DiscoverProduct.swift; sourceTree = "<group>"; };
		735ED91F25ADCACC003F8AEB /* Extension+Image.swift */ = {isa = PBXFileReference; lastKnownFileType = sourcecode.swift; path = "Extension+Image.swift"; sourceTree = "<group>"; };
		735ED92825ADFB86003F8AEB /* FlashSaleCollectionViewCell.swift */ = {isa = PBXFileReference; lastKnownFileType = sourcecode.swift; path = FlashSaleCollectionViewCell.swift; sourceTree = "<group>"; };
		735ED93025ADFBA7003F8AEB /* FlashSaleCollectionViewController.swift */ = {isa = PBXFileReference; lastKnownFileType = sourcecode.swift; path = FlashSaleCollectionViewController.swift; sourceTree = "<group>"; };
		735ED93525ADFBEC003F8AEB /* FlashSaleProduct.swift */ = {isa = PBXFileReference; lastKnownFileType = sourcecode.swift; path = FlashSaleProduct.swift; sourceTree = "<group>"; };
		736D803F258F8FB0005F0BA8 /* Extension+Button.swift */ = {isa = PBXFileReference; lastKnownFileType = sourcecode.swift; path = "Extension+Button.swift"; sourceTree = "<group>"; };
		7373485D25A3961200FD6D50 /* Extension+String.swift */ = {isa = PBXFileReference; lastKnownFileType = sourcecode.swift; path = "Extension+String.swift"; sourceTree = "<group>"; };
		737CC737259BC7D600B861BD /* WelcomeFeature.swift */ = {isa = PBXFileReference; lastKnownFileType = sourcecode.swift; path = WelcomeFeature.swift; sourceTree = "<group>"; };
		737CC742259BCACF00B861BD /* WelcomeFeatureCollectionViewCell.swift */ = {isa = PBXFileReference; lastKnownFileType = sourcecode.swift; path = WelcomeFeatureCollectionViewCell.swift; sourceTree = "<group>"; };
		737CC747259BCB3300B861BD /* WelcomeFeatureCollectionViewController.swift */ = {isa = PBXFileReference; lastKnownFileType = sourcecode.swift; path = WelcomeFeatureCollectionViewController.swift; sourceTree = "<group>"; };
		73849276258E370100F665E8 /* WelcomeViewController.swift */ = {isa = PBXFileReference; lastKnownFileType = sourcecode.swift; path = WelcomeViewController.swift; sourceTree = "<group>"; };
		73849288258E3AA000F665E8 /* WalkthroughViewController.swift */ = {isa = PBXFileReference; lastKnownFileType = sourcecode.swift; path = WalkthroughViewController.swift; sourceTree = "<group>"; };
		738492A4258E8BE000F665E8 /* WalkthroughCollectionViewCell.swift */ = {isa = PBXFileReference; lastKnownFileType = sourcecode.swift; path = WalkthroughCollectionViewCell.swift; sourceTree = "<group>"; };
		738492AA258E997900F665E8 /* WalkthroughInformation.swift */ = {isa = PBXFileReference; lastKnownFileType = sourcecode.swift; path = WalkthroughInformation.swift; sourceTree = "<group>"; };
		73947C7A2593AB92008A1781 /* UserDefault Save + Fetch .swift */ = {isa = PBXFileReference; lastKnownFileType = sourcecode.swift; path = "UserDefault Save + Fetch .swift"; sourceTree = "<group>"; };
		73947C7F2593B055008A1781 /* Values.swift */ = {isa = PBXFileReference; lastKnownFileType = sourcecode.swift; path = Values.swift; sourceTree = "<group>"; };
		73A2365825A5B85F007E8664 /* Kmeza.entitlements */ = {isa = PBXFileReference; lastKnownFileType = text.plist.entitlements; path = Kmeza.entitlements; sourceTree = "<group>"; };
		73A2367325A5E224007E8664 /* SignWithAppleID.swift */ = {isa = PBXFileReference; lastKnownFileType = sourcecode.swift; path = SignWithAppleID.swift; sourceTree = "<group>"; };
		73AB2399259DC476004BAA64 /* SignUpViewController.swift */ = {isa = PBXFileReference; lastKnownFileType = sourcecode.swift; path = SignUpViewController.swift; sourceTree = "<group>"; };
		73D8789925A5B3CD00F33B63 /* GoogleService-Info.plist */ = {isa = PBXFileReference; fileEncoding = 4; lastKnownFileType = text.plist.xml; path = "GoogleService-Info.plist"; sourceTree = "<group>"; };
		73F1D61825A8BF4E0060A904 /* AuthorizationInFirebase.swift */ = {isa = PBXFileReference; lastKnownFileType = sourcecode.swift; path = AuthorizationInFirebase.swift; sourceTree = "<group>"; };
		76B954F85959FE01782319A7 /* Pods-Kmeza.debug.xcconfig */ = {isa = PBXFileReference; includeInIndex = 1; lastKnownFileType = text.xcconfig; name = "Pods-Kmeza.debug.xcconfig"; path = "Target Support Files/Pods-Kmeza/Pods-Kmeza.debug.xcconfig"; sourceTree = "<group>"; };
		BAD15CCE12FC7F429C8DD0B6 /* Pods-KmezaTests.debug.xcconfig */ = {isa = PBXFileReference; includeInIndex = 1; lastKnownFileType = text.xcconfig; name = "Pods-KmezaTests.debug.xcconfig"; path = "Target Support Files/Pods-KmezaTests/Pods-KmezaTests.debug.xcconfig"; sourceTree = "<group>"; };
		C72095A9A2C4B7B30E897F76 /* Pods-Kmeza-KmezaUITests.release.xcconfig */ = {isa = PBXFileReference; includeInIndex = 1; lastKnownFileType = text.xcconfig; name = "Pods-Kmeza-KmezaUITests.release.xcconfig"; path = "Target Support Files/Pods-Kmeza-KmezaUITests/Pods-Kmeza-KmezaUITests.release.xcconfig"; sourceTree = "<group>"; };
		C7AEB60E8051F27FE402B326 /* Pods-Kmeza.release.xcconfig */ = {isa = PBXFileReference; includeInIndex = 1; lastKnownFileType = text.xcconfig; name = "Pods-Kmeza.release.xcconfig"; path = "Target Support Files/Pods-Kmeza/Pods-Kmeza.release.xcconfig"; sourceTree = "<group>"; };
		C8FA2AC2D59D104E953A5887 /* Pods-KmezaTests.release.xcconfig */ = {isa = PBXFileReference; includeInIndex = 1; lastKnownFileType = text.xcconfig; name = "Pods-KmezaTests.release.xcconfig"; path = "Target Support Files/Pods-KmezaTests/Pods-KmezaTests.release.xcconfig"; sourceTree = "<group>"; };
		D8EA1BB9298A782433AC8CF9 /* Pods-Kmeza-KmezaUITests.debug.xcconfig */ = {isa = PBXFileReference; includeInIndex = 1; lastKnownFileType = text.xcconfig; name = "Pods-Kmeza-KmezaUITests.debug.xcconfig"; path = "Target Support Files/Pods-Kmeza-KmezaUITests/Pods-Kmeza-KmezaUITests.debug.xcconfig"; sourceTree = "<group>"; };
		DDA222FB57193DC11B04AD00 /* Pods_Kmeza.framework */ = {isa = PBXFileReference; explicitFileType = wrapper.framework; includeInIndex = 0; path = Pods_Kmeza.framework; sourceTree = BUILT_PRODUCTS_DIR; };
/* End PBXFileReference section */

/* Begin PBXFrameworksBuildPhase section */
		734DE2792586780C0006E607 /* Frameworks */ = {
			isa = PBXFrameworksBuildPhase;
			buildActionMask = 2147483647;
			files = (
				DDDAACF37728C8DD26C9272B /* Pods_Kmeza.framework in Frameworks */,
			);
			runOnlyForDeploymentPostprocessing = 0;
		};
		734DE28F2586780C0006E607 /* Frameworks */ = {
			isa = PBXFrameworksBuildPhase;
			buildActionMask = 2147483647;
			files = (
				24EF1C9919C8029B9EFE14A5 /* Pods_KmezaTests.framework in Frameworks */,
			);
			runOnlyForDeploymentPostprocessing = 0;
		};
		734DE29A2586780C0006E607 /* Frameworks */ = {
			isa = PBXFrameworksBuildPhase;
			buildActionMask = 2147483647;
			files = (
				0128F22F18658E200CB928B9 /* Pods_Kmeza_KmezaUITests.framework in Frameworks */,
			);
			runOnlyForDeploymentPostprocessing = 0;
		};
/* End PBXFrameworksBuildPhase section */

/* Begin PBXGroup section */
		2CCC43079F44FFD07EBAB334 /* Pods */ = {
			isa = PBXGroup;
			children = (
				76B954F85959FE01782319A7 /* Pods-Kmeza.debug.xcconfig */,
				C7AEB60E8051F27FE402B326 /* Pods-Kmeza.release.xcconfig */,
				D8EA1BB9298A782433AC8CF9 /* Pods-Kmeza-KmezaUITests.debug.xcconfig */,
				C72095A9A2C4B7B30E897F76 /* Pods-Kmeza-KmezaUITests.release.xcconfig */,
				BAD15CCE12FC7F429C8DD0B6 /* Pods-KmezaTests.debug.xcconfig */,
				C8FA2AC2D59D104E953A5887 /* Pods-KmezaTests.release.xcconfig */,
			);
			path = Pods;
			sourceTree = "<group>";
		};
		731B1E5C258E179800D0A2F6 /* Media Files */ = {
			isa = PBXGroup;
			children = (
				731B1E69258E250F00D0A2F6 /* Font */,
				734DE2882586780C0006E607 /* Assets.xcassets */,
			);
			path = "Media Files";
			sourceTree = "<group>";
		};
		731B1E5D258E17B500D0A2F6 /* Storyboard */ = {
			isa = PBXGroup;
			children = (
				734DE28A2586780C0006E607 /* LaunchScreen.storyboard */,
				734DE2852586780C0006E607 /* Main.storyboard */,
			);
			path = Storyboard;
			sourceTree = "<group>";
		};
		731B1E5E258E17C900D0A2F6 /* Supporting Files */ = {
			isa = PBXGroup;
			children = (
				73D8789925A5B3CD00F33B63 /* GoogleService-Info.plist */,
				734DE27F2586780C0006E607 /* AppDelegate.swift */,
				734DE2812586780C0006E607 /* SceneDelegate.swift */,
				734DE28D2586780C0006E607 /* Info.plist */,
				73597B0C259F2CB8009097D7 /* Extension */,
				73A2368325A63DFE007E8664 /* Singleton Class */,
				73947C7F2593B055008A1781 /* Values.swift */,
				73270075259FA33F001B0F69 /* TextFieldWithPadding.swift */,
			);
			path = "Supporting Files";
			sourceTree = "<group>";
		};
		731B1E65258E17FE00D0A2F6 /* View Controllers */ = {
			isa = PBXGroup;
			children = (
				7357F51525A8739000D62454 /* SignIn Controllers */,
				7322247125A6505C0080D2DC /* Home Screen */,
				73AB2398259DC44C004BAA64 /* SignUp Controllers */,
				73AB2391259DC422004BAA64 /* Welcome Controllers */,
				73849267258E31DE00F665E8 /* Onboarding Controllers */,
			);
			path = "View Controllers";
			sourceTree = "<group>";
		};
		731B1E69258E250F00D0A2F6 /* Font */ = {
			isa = PBXGroup;
			children = (
				731B1E94258E254A00D0A2F6 /* Open Sans */,
				731B1E95258E255900D0A2F6 /* Lora */,
			);
			path = Font;
			sourceTree = "<group>";
		};
		731B1E94258E254A00D0A2F6 /* Open Sans */ = {
			isa = PBXGroup;
			children = (
				731B1E82258E254400D0A2F6 /* OpenSans-Bold.ttf */,
				731B1E7D258E254400D0A2F6 /* OpenSans-BoldItalic.ttf */,
				731B1E81258E254400D0A2F6 /* OpenSans-ExtraBold.ttf */,
				731B1E83258E254400D0A2F6 /* OpenSans-ExtraBoldItalic.ttf */,
				731B1E86258E254500D0A2F6 /* OpenSans-Italic.ttf */,
				731B1E84258E254500D0A2F6 /* OpenSans-Light.ttf */,
				731B1E7E258E254400D0A2F6 /* OpenSans-LightItalic.ttf */,
				731B1E7F258E254400D0A2F6 /* OpenSans-Regular.ttf */,
				731B1E85258E254500D0A2F6 /* OpenSans-SemiBold.ttf */,
				731B1E80258E254400D0A2F6 /* OpenSans-SemiBoldItalic.ttf */,
			);
			path = "Open Sans";
			sourceTree = "<group>";
		};
		731B1E95258E255900D0A2F6 /* Lora */ = {
			isa = PBXGroup;
			children = (
				731B1E71258E253400D0A2F6 /* Lora-Bold.ttf */,
				731B1E6C258E253400D0A2F6 /* Lora-BoldItalic.ttf */,
				731B1E6B258E253400D0A2F6 /* Lora-Italic.ttf */,
				731B1E6E258E253400D0A2F6 /* Lora-Medium.ttf */,
				731B1E70258E253400D0A2F6 /* Lora-MediumItalic.ttf */,
				731B1E6A258E253400D0A2F6 /* Lora-Regular.ttf */,
				731B1E6F258E253400D0A2F6 /* Lora-SemiBold.ttf */,
				731B1E6D258E253400D0A2F6 /* Lora-SemiBoldItalic.ttf */,
			);
			path = Lora;
			sourceTree = "<group>";
		};
		7322247125A6505C0080D2DC /* Home Screen */ = {
			isa = PBXGroup;
			children = (
				735ED92725ADFB70003F8AEB /* FlashSale */,
				7322247225A650720080D2DC /* HomeScreenViewController.swift */,
				735ED90F25ADAA90003F8AEB /* Discover */,
				735ED90A25ADAA5C003F8AEB /* NewestProducts */,
			);
			path = "Home Screen";
			sourceTree = "<group>";
		};
		734DE2732586780C0006E607 = {
			isa = PBXGroup;
			children = (
				734DE27E2586780C0006E607 /* Kmeza */,
				734DE2952586780C0006E607 /* KmezaTests */,
				734DE2A02586780C0006E607 /* KmezaUITests */,
				734DE27D2586780C0006E607 /* Products */,
				2CCC43079F44FFD07EBAB334 /* Pods */,
				A902F67B677FD937CC716B22 /* Frameworks */,
			);
			sourceTree = "<group>";
		};
		734DE27D2586780C0006E607 /* Products */ = {
			isa = PBXGroup;
			children = (
				734DE27C2586780C0006E607 /* Kmeza.app */,
				734DE2922586780C0006E607 /* KmezaTests.xctest */,
				734DE29D2586780C0006E607 /* KmezaUITests.xctest */,
			);
			name = Products;
			sourceTree = "<group>";
		};
		734DE27E2586780C0006E607 /* Kmeza */ = {
			isa = PBXGroup;
			children = (
				73A2365825A5B85F007E8664 /* Kmeza.entitlements */,
				738492A9258E982600F665E8 /* Model */,
				731B1E65258E17FE00D0A2F6 /* View Controllers */,
				731B1E5D258E17B500D0A2F6 /* Storyboard */,
				731B1E5C258E179800D0A2F6 /* Media Files */,
				731B1E5E258E17C900D0A2F6 /* Supporting Files */,
			);
			path = Kmeza;
			sourceTree = "<group>";
		};
		734DE2952586780C0006E607 /* KmezaTests */ = {
			isa = PBXGroup;
			children = (
				734DE2962586780C0006E607 /* KmezaTests.swift */,
				734DE2982586780C0006E607 /* Info.plist */,
			);
			path = KmezaTests;
			sourceTree = "<group>";
		};
		734DE2A02586780C0006E607 /* KmezaUITests */ = {
			isa = PBXGroup;
			children = (
				734DE2A12586780C0006E607 /* KmezaUITests.swift */,
				734DE2A32586780C0006E607 /* Info.plist */,
			);
			path = KmezaUITests;
			sourceTree = "<group>";
		};
		7357F51525A8739000D62454 /* SignIn Controllers */ = {
			isa = PBXGroup;
			children = (
				7357F51925A8740000D62454 /* SignInViewController.swift */,
			);
			path = "SignIn Controllers";
			sourceTree = "<group>";
		};
		73597B0C259F2CB8009097D7 /* Extension */ = {
			isa = PBXGroup;
			children = (
				736D803F258F8FB0005F0BA8 /* Extension+Button.swift */,
				73597B02259F2B8C009097D7 /* Extension+Color.swift */,
				7327007D259FA3E1001B0F69 /* Extension+UITextField.swift */,
				7373485D25A3961200FD6D50 /* Extension+String.swift */,
				735ED91F25ADCACC003F8AEB /* Extension+Image.swift */,
			);
			path = Extension;
			sourceTree = "<group>";
		};
		735ED90A25ADAA5C003F8AEB /* NewestProducts */ = {
			isa = PBXGroup;
			children = (
				7358015325AC44CC00FB544E /* NewestProductsTableViewController.swift */,
				7358015825AC45AF00FB544E /* NewestProductsTableViewCell.swift */,
			);
			path = NewestProducts;
			sourceTree = "<group>";
		};
		735ED90F25ADAA90003F8AEB /* Discover */ = {
			isa = PBXGroup;
			children = (
				735ED91025ADAAC2003F8AEB /* DiscoverCollectionViewController.swift */,
				735ED91525ADAAFD003F8AEB /* DiscoverCollectionViewCell.swift */,
			);
			path = Discover;
			sourceTree = "<group>";
		};
		735ED92725ADFB70003F8AEB /* FlashSale */ = {
			isa = PBXGroup;
			children = (
				735ED92825ADFB86003F8AEB /* FlashSaleCollectionViewCell.swift */,
				735ED93025ADFBA7003F8AEB /* FlashSaleCollectionViewController.swift */,
			);
			path = FlashSale;
			sourceTree = "<group>";
		};
		73849267258E31DE00F665E8 /* Onboarding Controllers */ = {
			isa = PBXGroup;
			children = (
				73849288258E3AA000F665E8 /* WalkthroughViewController.swift */,
				738492A4258E8BE000F665E8 /* WalkthroughCollectionViewCell.swift */,
			);
			path = "Onboarding Controllers";
			sourceTree = "<group>";
		};
		738492A9258E982600F665E8 /* Model */ = {
			isa = PBXGroup;
			children = (
				738492AA258E997900F665E8 /* WalkthroughInformation.swift */,
				737CC737259BC7D600B861BD /* WelcomeFeature.swift */,
				7358014E25AC418E00FB544E /* NewestProduct.swift */,
				735ED91A25ADAC1D003F8AEB /* DiscoverProduct.swift */,
				735ED93525ADFBEC003F8AEB /* FlashSaleProduct.swift */,
				730A6FF025AF3A8C0068576C /* InformationOfProduct.swift */,
			);
			path = Model;
			sourceTree = "<group>";
		};
		73A2368325A63DFE007E8664 /* Singleton Class */ = {
			isa = PBXGroup;
			children = (
				73597B07259F2BE4009097D7 /* AddActivityIndicator.swift */,
				735898D22597918200CE5042 /* ShowViewScreen.swift */,
				73A2367325A5E224007E8664 /* SignWithAppleID.swift */,
				7357F4E025A85F4500D62454 /* Reference.swift */,
				73F1D61825A8BF4E0060A904 /* AuthorizationInFirebase.swift */,
				73947C7A2593AB92008A1781 /* UserDefault Save + Fetch .swift */,
			);
			path = "Singleton Class";
			sourceTree = "<group>";
		};
		73AB2391259DC422004BAA64 /* Welcome Controllers */ = {
			isa = PBXGroup;
			children = (
				73849276258E370100F665E8 /* WelcomeViewController.swift */,
				737CC742259BCACF00B861BD /* WelcomeFeatureCollectionViewCell.swift */,
				737CC747259BCB3300B861BD /* WelcomeFeatureCollectionViewController.swift */,
			);
			path = "Welcome Controllers";
			sourceTree = "<group>";
		};
		73AB2398259DC44C004BAA64 /* SignUp Controllers */ = {
			isa = PBXGroup;
			children = (
				73AB2399259DC476004BAA64 /* SignUpViewController.swift */,
			);
			path = "SignUp Controllers";
			sourceTree = "<group>";
		};
		A902F67B677FD937CC716B22 /* Frameworks */ = {
			isa = PBXGroup;
			children = (
				DDA222FB57193DC11B04AD00 /* Pods_Kmeza.framework */,
				19E690F6ABF1D54C28D77BBC /* Pods_Kmeza_KmezaUITests.framework */,
				05A9D41559F69038F2ED0A99 /* Pods_KmezaTests.framework */,
			);
			name = Frameworks;
			sourceTree = "<group>";
		};
/* End PBXGroup section */

/* Begin PBXNativeTarget section */
		734DE27B2586780C0006E607 /* Kmeza */ = {
			isa = PBXNativeTarget;
			buildConfigurationList = 734DE2A62586780C0006E607 /* Build configuration list for PBXNativeTarget "Kmeza" */;
			buildPhases = (
				5C2223E9BEDF3DE0A0B4F3A1 /* [CP] Check Pods Manifest.lock */,
				734DE2782586780C0006E607 /* Sources */,
				734DE2792586780C0006E607 /* Frameworks */,
				734DE27A2586780C0006E607 /* Resources */,
				13448535E7EF04D02F09231E /* [CP] Embed Pods Frameworks */,
				D7422C7ECAE6C6477C4C872E /* [CP] Copy Pods Resources */,
			);
			buildRules = (
			);
			dependencies = (
			);
			name = Kmeza;
			productName = Kmeza;
			productReference = 734DE27C2586780C0006E607 /* Kmeza.app */;
			productType = "com.apple.product-type.application";
		};
		734DE2912586780C0006E607 /* KmezaTests */ = {
			isa = PBXNativeTarget;
			buildConfigurationList = 734DE2A92586780C0006E607 /* Build configuration list for PBXNativeTarget "KmezaTests" */;
			buildPhases = (
				21453935F06A9C2AC830F8ED /* [CP] Check Pods Manifest.lock */,
				734DE28E2586780C0006E607 /* Sources */,
				734DE28F2586780C0006E607 /* Frameworks */,
				734DE2902586780C0006E607 /* Resources */,
			);
			buildRules = (
			);
			dependencies = (
				734DE2942586780C0006E607 /* PBXTargetDependency */,
			);
			name = KmezaTests;
			productName = KmezaTests;
			productReference = 734DE2922586780C0006E607 /* KmezaTests.xctest */;
			productType = "com.apple.product-type.bundle.unit-test";
		};
		734DE29C2586780C0006E607 /* KmezaUITests */ = {
			isa = PBXNativeTarget;
			buildConfigurationList = 734DE2AC2586780C0006E607 /* Build configuration list for PBXNativeTarget "KmezaUITests" */;
			buildPhases = (
				D8AB93DD7262B3D61FA2ABE5 /* [CP] Check Pods Manifest.lock */,
				734DE2992586780C0006E607 /* Sources */,
				734DE29A2586780C0006E607 /* Frameworks */,
				734DE29B2586780C0006E607 /* Resources */,
				15EFB49B4C818C29A397C5DE /* [CP] Embed Pods Frameworks */,
				DED86D38F40A98F28193E49F /* [CP] Copy Pods Resources */,
			);
			buildRules = (
			);
			dependencies = (
				734DE29F2586780C0006E607 /* PBXTargetDependency */,
			);
			name = KmezaUITests;
			productName = KmezaUITests;
			productReference = 734DE29D2586780C0006E607 /* KmezaUITests.xctest */;
			productType = "com.apple.product-type.bundle.ui-testing";
		};
/* End PBXNativeTarget section */

/* Begin PBXProject section */
		734DE2742586780C0006E607 /* Project object */ = {
			isa = PBXProject;
			attributes = {
				LastSwiftUpdateCheck = 1220;
				LastUpgradeCheck = 1220;
				TargetAttributes = {
					734DE27B2586780C0006E607 = {
						CreatedOnToolsVersion = 12.2;
					};
					734DE2912586780C0006E607 = {
						CreatedOnToolsVersion = 12.2;
						TestTargetID = 734DE27B2586780C0006E607;
					};
					734DE29C2586780C0006E607 = {
						CreatedOnToolsVersion = 12.2;
						TestTargetID = 734DE27B2586780C0006E607;
					};
				};
			};
			buildConfigurationList = 734DE2772586780C0006E607 /* Build configuration list for PBXProject "Kmeza" */;
			compatibilityVersion = "Xcode 9.3";
			developmentRegion = en;
			hasScannedForEncodings = 0;
			knownRegions = (
				en,
				Base,
			);
			mainGroup = 734DE2732586780C0006E607;
			productRefGroup = 734DE27D2586780C0006E607 /* Products */;
			projectDirPath = "";
			projectRoot = "";
			targets = (
				734DE27B2586780C0006E607 /* Kmeza */,
				734DE2912586780C0006E607 /* KmezaTests */,
				734DE29C2586780C0006E607 /* KmezaUITests */,
			);
		};
/* End PBXProject section */

/* Begin PBXResourcesBuildPhase section */
		734DE27A2586780C0006E607 /* Resources */ = {
			isa = PBXResourcesBuildPhase;
			buildActionMask = 2147483647;
			files = (
				734DE28C2586780C0006E607 /* LaunchScreen.storyboard in Resources */,
				731B1E8D258E254500D0A2F6 /* OpenSans-ExtraBoldItalic.ttf in Resources */,
				731B1E74258E253400D0A2F6 /* Lora-BoldItalic.ttf in Resources */,
				731B1E8E258E254500D0A2F6 /* OpenSans-Light.ttf in Resources */,
				731B1E79258E253400D0A2F6 /* Lora-Bold.ttf in Resources */,
				731B1E8C258E254500D0A2F6 /* OpenSans-Bold.ttf in Resources */,
				731B1E90258E254500D0A2F6 /* OpenSans-Italic.ttf in Resources */,
				731B1E75258E253400D0A2F6 /* Lora-SemiBoldItalic.ttf in Resources */,
				731B1E73258E253400D0A2F6 /* Lora-Italic.ttf in Resources */,
				731B1E77258E253400D0A2F6 /* Lora-SemiBold.ttf in Resources */,
				731B1E87258E254500D0A2F6 /* OpenSans-BoldItalic.ttf in Resources */,
				731B1E72258E253400D0A2F6 /* Lora-Regular.ttf in Resources */,
				734DE2892586780C0006E607 /* Assets.xcassets in Resources */,
				731B1E8F258E254500D0A2F6 /* OpenSans-SemiBold.ttf in Resources */,
				731B1E8A258E254500D0A2F6 /* OpenSans-SemiBoldItalic.ttf in Resources */,
				731B1E78258E253400D0A2F6 /* Lora-MediumItalic.ttf in Resources */,
				731B1E8B258E254500D0A2F6 /* OpenSans-ExtraBold.ttf in Resources */,
				731B1E89258E254500D0A2F6 /* OpenSans-Regular.ttf in Resources */,
				734DE2872586780C0006E607 /* Main.storyboard in Resources */,
				73D8789A25A5B3CD00F33B63 /* GoogleService-Info.plist in Resources */,
				731B1E88258E254500D0A2F6 /* OpenSans-LightItalic.ttf in Resources */,
				731B1E76258E253400D0A2F6 /* Lora-Medium.ttf in Resources */,
			);
			runOnlyForDeploymentPostprocessing = 0;
		};
		734DE2902586780C0006E607 /* Resources */ = {
			isa = PBXResourcesBuildPhase;
			buildActionMask = 2147483647;
			files = (
			);
			runOnlyForDeploymentPostprocessing = 0;
		};
		734DE29B2586780C0006E607 /* Resources */ = {
			isa = PBXResourcesBuildPhase;
			buildActionMask = 2147483647;
			files = (
			);
			runOnlyForDeploymentPostprocessing = 0;
		};
/* End PBXResourcesBuildPhase section */

/* Begin PBXShellScriptBuildPhase section */
		13448535E7EF04D02F09231E /* [CP] Embed Pods Frameworks */ = {
			isa = PBXShellScriptBuildPhase;
			buildActionMask = 2147483647;
			files = (
			);
			inputFileListPaths = (
				"${PODS_ROOT}/Target Support Files/Pods-Kmeza/Pods-Kmeza-frameworks-${CONFIGURATION}-input-files.xcfilelist",
			);
			name = "[CP] Embed Pods Frameworks";
			outputFileListPaths = (
				"${PODS_ROOT}/Target Support Files/Pods-Kmeza/Pods-Kmeza-frameworks-${CONFIGURATION}-output-files.xcfilelist",
			);
			runOnlyForDeploymentPostprocessing = 0;
			shellPath = /bin/sh;
			shellScript = "\"${PODS_ROOT}/Target Support Files/Pods-Kmeza/Pods-Kmeza-frameworks.sh\"\n";
			showEnvVarsInLog = 0;
		};
		15EFB49B4C818C29A397C5DE /* [CP] Embed Pods Frameworks */ = {
			isa = PBXShellScriptBuildPhase;
			buildActionMask = 2147483647;
			files = (
			);
			inputFileListPaths = (
				"${PODS_ROOT}/Target Support Files/Pods-Kmeza-KmezaUITests/Pods-Kmeza-KmezaUITests-frameworks-${CONFIGURATION}-input-files.xcfilelist",
			);
			name = "[CP] Embed Pods Frameworks";
			outputFileListPaths = (
				"${PODS_ROOT}/Target Support Files/Pods-Kmeza-KmezaUITests/Pods-Kmeza-KmezaUITests-frameworks-${CONFIGURATION}-output-files.xcfilelist",
			);
			runOnlyForDeploymentPostprocessing = 0;
			shellPath = /bin/sh;
			shellScript = "\"${PODS_ROOT}/Target Support Files/Pods-Kmeza-KmezaUITests/Pods-Kmeza-KmezaUITests-frameworks.sh\"\n";
			showEnvVarsInLog = 0;
		};
		21453935F06A9C2AC830F8ED /* [CP] Check Pods Manifest.lock */ = {
			isa = PBXShellScriptBuildPhase;
			buildActionMask = 2147483647;
			files = (
			);
			inputFileListPaths = (
			);
			inputPaths = (
				"${PODS_PODFILE_DIR_PATH}/Podfile.lock",
				"${PODS_ROOT}/Manifest.lock",
			);
			name = "[CP] Check Pods Manifest.lock";
			outputFileListPaths = (
			);
			outputPaths = (
				"$(DERIVED_FILE_DIR)/Pods-KmezaTests-checkManifestLockResult.txt",
			);
			runOnlyForDeploymentPostprocessing = 0;
			shellPath = /bin/sh;
			shellScript = "diff \"${PODS_PODFILE_DIR_PATH}/Podfile.lock\" \"${PODS_ROOT}/Manifest.lock\" > /dev/null\nif [ $? != 0 ] ; then\n    # print error to STDERR\n    echo \"error: The sandbox is not in sync with the Podfile.lock. Run 'pod install' or update your CocoaPods installation.\" >&2\n    exit 1\nfi\n# This output is used by Xcode 'outputs' to avoid re-running this script phase.\necho \"SUCCESS\" > \"${SCRIPT_OUTPUT_FILE_0}\"\n";
			showEnvVarsInLog = 0;
		};
		5C2223E9BEDF3DE0A0B4F3A1 /* [CP] Check Pods Manifest.lock */ = {
			isa = PBXShellScriptBuildPhase;
			buildActionMask = 2147483647;
			files = (
			);
			inputFileListPaths = (
			);
			inputPaths = (
				"${PODS_PODFILE_DIR_PATH}/Podfile.lock",
				"${PODS_ROOT}/Manifest.lock",
			);
			name = "[CP] Check Pods Manifest.lock";
			outputFileListPaths = (
			);
			outputPaths = (
				"$(DERIVED_FILE_DIR)/Pods-Kmeza-checkManifestLockResult.txt",
			);
			runOnlyForDeploymentPostprocessing = 0;
			shellPath = /bin/sh;
			shellScript = "diff \"${PODS_PODFILE_DIR_PATH}/Podfile.lock\" \"${PODS_ROOT}/Manifest.lock\" > /dev/null\nif [ $? != 0 ] ; then\n    # print error to STDERR\n    echo \"error: The sandbox is not in sync with the Podfile.lock. Run 'pod install' or update your CocoaPods installation.\" >&2\n    exit 1\nfi\n# This output is used by Xcode 'outputs' to avoid re-running this script phase.\necho \"SUCCESS\" > \"${SCRIPT_OUTPUT_FILE_0}\"\n";
			showEnvVarsInLog = 0;
		};
		D7422C7ECAE6C6477C4C872E /* [CP] Copy Pods Resources */ = {
			isa = PBXShellScriptBuildPhase;
			buildActionMask = 2147483647;
			files = (
			);
			inputFileListPaths = (
				"${PODS_ROOT}/Target Support Files/Pods-Kmeza/Pods-Kmeza-resources-${CONFIGURATION}-input-files.xcfilelist",
			);
			name = "[CP] Copy Pods Resources";
			outputFileListPaths = (
				"${PODS_ROOT}/Target Support Files/Pods-Kmeza/Pods-Kmeza-resources-${CONFIGURATION}-output-files.xcfilelist",
			);
			runOnlyForDeploymentPostprocessing = 0;
			shellPath = /bin/sh;
			shellScript = "\"${PODS_ROOT}/Target Support Files/Pods-Kmeza/Pods-Kmeza-resources.sh\"\n";
			showEnvVarsInLog = 0;
		};
		D8AB93DD7262B3D61FA2ABE5 /* [CP] Check Pods Manifest.lock */ = {
			isa = PBXShellScriptBuildPhase;
			buildActionMask = 2147483647;
			files = (
			);
			inputFileListPaths = (
			);
			inputPaths = (
				"${PODS_PODFILE_DIR_PATH}/Podfile.lock",
				"${PODS_ROOT}/Manifest.lock",
			);
			name = "[CP] Check Pods Manifest.lock";
			outputFileListPaths = (
			);
			outputPaths = (
				"$(DERIVED_FILE_DIR)/Pods-Kmeza-KmezaUITests-checkManifestLockResult.txt",
			);
			runOnlyForDeploymentPostprocessing = 0;
			shellPath = /bin/sh;
			shellScript = "diff \"${PODS_PODFILE_DIR_PATH}/Podfile.lock\" \"${PODS_ROOT}/Manifest.lock\" > /dev/null\nif [ $? != 0 ] ; then\n    # print error to STDERR\n    echo \"error: The sandbox is not in sync with the Podfile.lock. Run 'pod install' or update your CocoaPods installation.\" >&2\n    exit 1\nfi\n# This output is used by Xcode 'outputs' to avoid re-running this script phase.\necho \"SUCCESS\" > \"${SCRIPT_OUTPUT_FILE_0}\"\n";
			showEnvVarsInLog = 0;
		};
		DED86D38F40A98F28193E49F /* [CP] Copy Pods Resources */ = {
			isa = PBXShellScriptBuildPhase;
			buildActionMask = 2147483647;
			files = (
			);
			inputFileListPaths = (
				"${PODS_ROOT}/Target Support Files/Pods-Kmeza-KmezaUITests/Pods-Kmeza-KmezaUITests-resources-${CONFIGURATION}-input-files.xcfilelist",
			);
			name = "[CP] Copy Pods Resources";
			outputFileListPaths = (
				"${PODS_ROOT}/Target Support Files/Pods-Kmeza-KmezaUITests/Pods-Kmeza-KmezaUITests-resources-${CONFIGURATION}-output-files.xcfilelist",
			);
			runOnlyForDeploymentPostprocessing = 0;
			shellPath = /bin/sh;
			shellScript = "\"${PODS_ROOT}/Target Support Files/Pods-Kmeza-KmezaUITests/Pods-Kmeza-KmezaUITests-resources.sh\"\n";
			showEnvVarsInLog = 0;
		};
/* End PBXShellScriptBuildPhase section */

/* Begin PBXSourcesBuildPhase section */
		734DE2782586780C0006E607 /* Sources */ = {
			isa = PBXSourcesBuildPhase;
			buildActionMask = 2147483647;
			files = (
				735ED91625ADAAFD003F8AEB /* DiscoverCollectionViewCell.swift in Sources */,
				7358015925AC45AF00FB544E /* NewestProductsTableViewCell.swift in Sources */,
				735ED92925ADFB86003F8AEB /* FlashSaleCollectionViewCell.swift in Sources */,
				7373485E25A3961200FD6D50 /* Extension+String.swift in Sources */,
				738492AB258E997900F665E8 /* WalkthroughInformation.swift in Sources */,
				737CC738259BC7D600B861BD /* WelcomeFeature.swift in Sources */,
				735898D32597918200CE5042 /* ShowViewScreen.swift in Sources */,
				73A2367425A5E224007E8664 /* SignWithAppleID.swift in Sources */,
				735ED93125ADFBA7003F8AEB /* FlashSaleCollectionViewController.swift in Sources */,
				73597B08259F2BE4009097D7 /* AddActivityIndicator.swift in Sources */,
				735ED91B25ADAC1D003F8AEB /* DiscoverProduct.swift in Sources */,
				7327007E259FA3E1001B0F69 /* Extension+UITextField.swift in Sources */,
				73F1D61925A8BF4E0060A904 /* AuthorizationInFirebase.swift in Sources */,
				735ED92025ADCACC003F8AEB /* Extension+Image.swift in Sources */,
				73947C802593B055008A1781 /* Values.swift in Sources */,
				734DE2802586780C0006E607 /* AppDelegate.swift in Sources */,
				73270076259FA33F001B0F69 /* TextFieldWithPadding.swift in Sources */,
				73947C7B2593AB92008A1781 /* UserDefault Save + Fetch .swift in Sources */,
				737CC748259BCB3300B861BD /* WelcomeFeatureCollectionViewController.swift in Sources */,
				73597B03259F2B8C009097D7 /* Extension+Color.swift in Sources */,
				73849289258E3AA000F665E8 /* WalkthroughViewController.swift in Sources */,
				735ED93625ADFBEC003F8AEB /* FlashSaleProduct.swift in Sources */,
				73AB239A259DC476004BAA64 /* SignUpViewController.swift in Sources */,
				738492A5258E8BE000F665E8 /* WalkthroughCollectionViewCell.swift in Sources */,
				737CC743259BCACF00B861BD /* WelcomeFeatureCollectionViewCell.swift in Sources */,
				735ED91125ADAAC2003F8AEB /* DiscoverCollectionViewController.swift in Sources */,
				730A6FF125AF3A8C0068576C /* InformationOfProduct.swift in Sources */,
				7357F4E125A85F4500D62454 /* Reference.swift in Sources */,
				73849277258E370100F665E8 /* WelcomeViewController.swift in Sources */,
				736D8040258F8FB0005F0BA8 /* Extension+Button.swift in Sources */,
				734DE2822586780C0006E607 /* SceneDelegate.swift in Sources */,
				7358014F25AC418E00FB544E /* NewestProduct.swift in Sources */,
				7357F51A25A8740000D62454 /* SignInViewController.swift in Sources */,
				7322247325A650720080D2DC /* HomeScreenViewController.swift in Sources */,
				7358015425AC44CC00FB544E /* NewestProductsTableViewController.swift in Sources */,
			);
			runOnlyForDeploymentPostprocessing = 0;
		};
		734DE28E2586780C0006E607 /* Sources */ = {
			isa = PBXSourcesBuildPhase;
			buildActionMask = 2147483647;
			files = (
				734DE2972586780C0006E607 /* KmezaTests.swift in Sources */,
			);
			runOnlyForDeploymentPostprocessing = 0;
		};
		734DE2992586780C0006E607 /* Sources */ = {
			isa = PBXSourcesBuildPhase;
			buildActionMask = 2147483647;
			files = (
				734DE2A22586780C0006E607 /* KmezaUITests.swift in Sources */,
			);
			runOnlyForDeploymentPostprocessing = 0;
		};
/* End PBXSourcesBuildPhase section */

/* Begin PBXTargetDependency section */
		734DE2942586780C0006E607 /* PBXTargetDependency */ = {
			isa = PBXTargetDependency;
			target = 734DE27B2586780C0006E607 /* Kmeza */;
			targetProxy = 734DE2932586780C0006E607 /* PBXContainerItemProxy */;
		};
		734DE29F2586780C0006E607 /* PBXTargetDependency */ = {
			isa = PBXTargetDependency;
			target = 734DE27B2586780C0006E607 /* Kmeza */;
			targetProxy = 734DE29E2586780C0006E607 /* PBXContainerItemProxy */;
		};
/* End PBXTargetDependency section */

/* Begin PBXVariantGroup section */
		734DE2852586780C0006E607 /* Main.storyboard */ = {
			isa = PBXVariantGroup;
			children = (
				734DE2862586780C0006E607 /* Base */,
			);
			name = Main.storyboard;
			sourceTree = "<group>";
		};
		734DE28A2586780C0006E607 /* LaunchScreen.storyboard */ = {
			isa = PBXVariantGroup;
			children = (
				734DE28B2586780C0006E607 /* Base */,
			);
			name = LaunchScreen.storyboard;
			sourceTree = "<group>";
		};
/* End PBXVariantGroup section */

/* Begin XCBuildConfiguration section */
		734DE2A42586780C0006E607 /* Debug */ = {
			isa = XCBuildConfiguration;
			buildSettings = {
				ALWAYS_SEARCH_USER_PATHS = NO;
				CLANG_ANALYZER_NONNULL = YES;
				CLANG_ANALYZER_NUMBER_OBJECT_CONVERSION = YES_AGGRESSIVE;
				CLANG_CXX_LANGUAGE_STANDARD = "gnu++14";
				CLANG_CXX_LIBRARY = "libc++";
				CLANG_ENABLE_MODULES = YES;
				CLANG_ENABLE_OBJC_ARC = YES;
				CLANG_ENABLE_OBJC_WEAK = YES;
				CLANG_WARN_BLOCK_CAPTURE_AUTORELEASING = YES;
				CLANG_WARN_BOOL_CONVERSION = YES;
				CLANG_WARN_COMMA = YES;
				CLANG_WARN_CONSTANT_CONVERSION = YES;
				CLANG_WARN_DEPRECATED_OBJC_IMPLEMENTATIONS = YES;
				CLANG_WARN_DIRECT_OBJC_ISA_USAGE = YES_ERROR;
				CLANG_WARN_DOCUMENTATION_COMMENTS = YES;
				CLANG_WARN_EMPTY_BODY = YES;
				CLANG_WARN_ENUM_CONVERSION = YES;
				CLANG_WARN_INFINITE_RECURSION = YES;
				CLANG_WARN_INT_CONVERSION = YES;
				CLANG_WARN_NON_LITERAL_NULL_CONVERSION = YES;
				CLANG_WARN_OBJC_IMPLICIT_RETAIN_SELF = YES;
				CLANG_WARN_OBJC_LITERAL_CONVERSION = YES;
				CLANG_WARN_OBJC_ROOT_CLASS = YES_ERROR;
				CLANG_WARN_QUOTED_INCLUDE_IN_FRAMEWORK_HEADER = YES;
				CLANG_WARN_RANGE_LOOP_ANALYSIS = YES;
				CLANG_WARN_STRICT_PROTOTYPES = YES;
				CLANG_WARN_SUSPICIOUS_MOVE = YES;
				CLANG_WARN_UNGUARDED_AVAILABILITY = YES_AGGRESSIVE;
				CLANG_WARN_UNREACHABLE_CODE = YES;
				CLANG_WARN__DUPLICATE_METHOD_MATCH = YES;
				COPY_PHASE_STRIP = NO;
				DEBUG_INFORMATION_FORMAT = dwarf;
				ENABLE_STRICT_OBJC_MSGSEND = YES;
				ENABLE_TESTABILITY = YES;
				GCC_C_LANGUAGE_STANDARD = gnu11;
				GCC_DYNAMIC_NO_PIC = NO;
				GCC_NO_COMMON_BLOCKS = YES;
				GCC_OPTIMIZATION_LEVEL = 0;
				GCC_PREPROCESSOR_DEFINITIONS = (
					"DEBUG=1",
					"$(inherited)",
				);
				GCC_WARN_64_TO_32_BIT_CONVERSION = YES;
				GCC_WARN_ABOUT_RETURN_TYPE = YES_ERROR;
				GCC_WARN_UNDECLARED_SELECTOR = YES;
				GCC_WARN_UNINITIALIZED_AUTOS = YES_AGGRESSIVE;
				GCC_WARN_UNUSED_FUNCTION = YES;
				GCC_WARN_UNUSED_VARIABLE = YES;
				IPHONEOS_DEPLOYMENT_TARGET = 13.0;
				MTL_ENABLE_DEBUG_INFO = INCLUDE_SOURCE;
				MTL_FAST_MATH = YES;
				ONLY_ACTIVE_ARCH = YES;
				SDKROOT = iphoneos;
				SWIFT_ACTIVE_COMPILATION_CONDITIONS = DEBUG;
				SWIFT_OPTIMIZATION_LEVEL = "-Onone";
			};
			name = Debug;
		};
		734DE2A52586780C0006E607 /* Release */ = {
			isa = XCBuildConfiguration;
			buildSettings = {
				ALWAYS_SEARCH_USER_PATHS = NO;
				CLANG_ANALYZER_NONNULL = YES;
				CLANG_ANALYZER_NUMBER_OBJECT_CONVERSION = YES_AGGRESSIVE;
				CLANG_CXX_LANGUAGE_STANDARD = "gnu++14";
				CLANG_CXX_LIBRARY = "libc++";
				CLANG_ENABLE_MODULES = YES;
				CLANG_ENABLE_OBJC_ARC = YES;
				CLANG_ENABLE_OBJC_WEAK = YES;
				CLANG_WARN_BLOCK_CAPTURE_AUTORELEASING = YES;
				CLANG_WARN_BOOL_CONVERSION = YES;
				CLANG_WARN_COMMA = YES;
				CLANG_WARN_CONSTANT_CONVERSION = YES;
				CLANG_WARN_DEPRECATED_OBJC_IMPLEMENTATIONS = YES;
				CLANG_WARN_DIRECT_OBJC_ISA_USAGE = YES_ERROR;
				CLANG_WARN_DOCUMENTATION_COMMENTS = YES;
				CLANG_WARN_EMPTY_BODY = YES;
				CLANG_WARN_ENUM_CONVERSION = YES;
				CLANG_WARN_INFINITE_RECURSION = YES;
				CLANG_WARN_INT_CONVERSION = YES;
				CLANG_WARN_NON_LITERAL_NULL_CONVERSION = YES;
				CLANG_WARN_OBJC_IMPLICIT_RETAIN_SELF = YES;
				CLANG_WARN_OBJC_LITERAL_CONVERSION = YES;
				CLANG_WARN_OBJC_ROOT_CLASS = YES_ERROR;
				CLANG_WARN_QUOTED_INCLUDE_IN_FRAMEWORK_HEADER = YES;
				CLANG_WARN_RANGE_LOOP_ANALYSIS = YES;
				CLANG_WARN_STRICT_PROTOTYPES = YES;
				CLANG_WARN_SUSPICIOUS_MOVE = YES;
				CLANG_WARN_UNGUARDED_AVAILABILITY = YES_AGGRESSIVE;
				CLANG_WARN_UNREACHABLE_CODE = YES;
				CLANG_WARN__DUPLICATE_METHOD_MATCH = YES;
				COPY_PHASE_STRIP = NO;
				DEBUG_INFORMATION_FORMAT = "dwarf-with-dsym";
				ENABLE_NS_ASSERTIONS = NO;
				ENABLE_STRICT_OBJC_MSGSEND = YES;
				GCC_C_LANGUAGE_STANDARD = gnu11;
				GCC_NO_COMMON_BLOCKS = YES;
				GCC_WARN_64_TO_32_BIT_CONVERSION = YES;
				GCC_WARN_ABOUT_RETURN_TYPE = YES_ERROR;
				GCC_WARN_UNDECLARED_SELECTOR = YES;
				GCC_WARN_UNINITIALIZED_AUTOS = YES_AGGRESSIVE;
				GCC_WARN_UNUSED_FUNCTION = YES;
				GCC_WARN_UNUSED_VARIABLE = YES;
				IPHONEOS_DEPLOYMENT_TARGET = 13.0;
				MTL_ENABLE_DEBUG_INFO = NO;
				MTL_FAST_MATH = YES;
				SDKROOT = iphoneos;
				SWIFT_COMPILATION_MODE = wholemodule;
				SWIFT_OPTIMIZATION_LEVEL = "-O";
				VALIDATE_PRODUCT = YES;
			};
			name = Release;
		};
		734DE2A72586780C0006E607 /* Debug */ = {
			isa = XCBuildConfiguration;
			baseConfigurationReference = 76B954F85959FE01782319A7 /* Pods-Kmeza.debug.xcconfig */;
			buildSettings = {
				ASSETCATALOG_COMPILER_APPICON_NAME = AppIcon;
				ASSETCATALOG_COMPILER_GLOBAL_ACCENT_COLOR_NAME = AccentColor;
				CODE_SIGN_ENTITLEMENTS = Kmeza/Kmeza.entitlements;
				CODE_SIGN_STYLE = Automatic;
				DEVELOPMENT_TEAM = 9T23CDVWRT;
				INFOPLIST_FILE = "Kmeza/Supporting Files/Info.plist";
				IPHONEOS_DEPLOYMENT_TARGET = 14.0;
				LD_RUNPATH_SEARCH_PATHS = (
					"$(inherited)",
					"@executable_path/Frameworks",
				);
				PRODUCT_BUNDLE_IDENTIFIER = "com.anpleenko-dev.Kmeza";
				PRODUCT_NAME = "$(TARGET_NAME)";
				SWIFT_VERSION = 5.0;
				TARGETED_DEVICE_FAMILY = 1;
			};
			name = Debug;
		};
		734DE2A82586780C0006E607 /* Release */ = {
			isa = XCBuildConfiguration;
			baseConfigurationReference = C7AEB60E8051F27FE402B326 /* Pods-Kmeza.release.xcconfig */;
			buildSettings = {
				ASSETCATALOG_COMPILER_APPICON_NAME = AppIcon;
				ASSETCATALOG_COMPILER_GLOBAL_ACCENT_COLOR_NAME = AccentColor;
				CODE_SIGN_ENTITLEMENTS = Kmeza/Kmeza.entitlements;
				CODE_SIGN_STYLE = Automatic;
				DEVELOPMENT_TEAM = 9T23CDVWRT;
				INFOPLIST_FILE = "Kmeza/Supporting Files/Info.plist";
				IPHONEOS_DEPLOYMENT_TARGET = 14.0;
				LD_RUNPATH_SEARCH_PATHS = (
					"$(inherited)",
					"@executable_path/Frameworks",
				);
				PRODUCT_BUNDLE_IDENTIFIER = "com.anpleenko-dev.Kmeza";
				PRODUCT_NAME = "$(TARGET_NAME)";
				SWIFT_VERSION = 5.0;
				TARGETED_DEVICE_FAMILY = 1;
			};
			name = Release;
		};
		734DE2AA2586780C0006E607 /* Debug */ = {
			isa = XCBuildConfiguration;
			baseConfigurationReference = BAD15CCE12FC7F429C8DD0B6 /* Pods-KmezaTests.debug.xcconfig */;
			buildSettings = {
				ALWAYS_EMBED_SWIFT_STANDARD_LIBRARIES = YES;
				BUNDLE_LOADER = "$(TEST_HOST)";
				CODE_SIGN_STYLE = Automatic;
				DEVELOPMENT_TEAM = 9T23CDVWRT;
				INFOPLIST_FILE = KmezaTests/Info.plist;
				IPHONEOS_DEPLOYMENT_TARGET = 14.2;
				LD_RUNPATH_SEARCH_PATHS = (
					"$(inherited)",
					"@executable_path/Frameworks",
					"@loader_path/Frameworks",
				);
				PRODUCT_BUNDLE_IDENTIFIER = "com.anpleenko-dev.KmezaTests";
				PRODUCT_NAME = "$(TARGET_NAME)";
				SWIFT_VERSION = 5.0;
				TARGETED_DEVICE_FAMILY = "1,2";
				TEST_HOST = "$(BUILT_PRODUCTS_DIR)/Kmeza.app/Kmeza";
			};
			name = Debug;
		};
		734DE2AB2586780C0006E607 /* Release */ = {
			isa = XCBuildConfiguration;
			baseConfigurationReference = C8FA2AC2D59D104E953A5887 /* Pods-KmezaTests.release.xcconfig */;
			buildSettings = {
				ALWAYS_EMBED_SWIFT_STANDARD_LIBRARIES = YES;
				BUNDLE_LOADER = "$(TEST_HOST)";
				CODE_SIGN_STYLE = Automatic;
				DEVELOPMENT_TEAM = 9T23CDVWRT;
				INFOPLIST_FILE = KmezaTests/Info.plist;
				IPHONEOS_DEPLOYMENT_TARGET = 14.2;
				LD_RUNPATH_SEARCH_PATHS = (
					"$(inherited)",
					"@executable_path/Frameworks",
					"@loader_path/Frameworks",
				);
				PRODUCT_BUNDLE_IDENTIFIER = "com.anpleenko-dev.KmezaTests";
				PRODUCT_NAME = "$(TARGET_NAME)";
				SWIFT_VERSION = 5.0;
				TARGETED_DEVICE_FAMILY = "1,2";
				TEST_HOST = "$(BUILT_PRODUCTS_DIR)/Kmeza.app/Kmeza";
			};
			name = Release;
		};
		734DE2AD2586780C0006E607 /* Debug */ = {
			isa = XCBuildConfiguration;
			baseConfigurationReference = D8EA1BB9298A782433AC8CF9 /* Pods-Kmeza-KmezaUITests.debug.xcconfig */;
			buildSettings = {
				ALWAYS_EMBED_SWIFT_STANDARD_LIBRARIES = YES;
				CODE_SIGN_STYLE = Automatic;
				DEVELOPMENT_TEAM = 9T23CDVWRT;
				INFOPLIST_FILE = KmezaUITests/Info.plist;
				LD_RUNPATH_SEARCH_PATHS = (
					"$(inherited)",
					"@executable_path/Frameworks",
					"@loader_path/Frameworks",
				);
				PRODUCT_BUNDLE_IDENTIFIER = "com.anpleenko-dev.KmezaUITests";
				PRODUCT_NAME = "$(TARGET_NAME)";
				SWIFT_VERSION = 5.0;
				TARGETED_DEVICE_FAMILY = "1,2";
				TEST_TARGET_NAME = Kmeza;
			};
			name = Debug;
		};
		734DE2AE2586780C0006E607 /* Release */ = {
			isa = XCBuildConfiguration;
			baseConfigurationReference = C72095A9A2C4B7B30E897F76 /* Pods-Kmeza-KmezaUITests.release.xcconfig */;
			buildSettings = {
				ALWAYS_EMBED_SWIFT_STANDARD_LIBRARIES = YES;
				CODE_SIGN_STYLE = Automatic;
				DEVELOPMENT_TEAM = 9T23CDVWRT;
				INFOPLIST_FILE = KmezaUITests/Info.plist;
				LD_RUNPATH_SEARCH_PATHS = (
					"$(inherited)",
					"@executable_path/Frameworks",
					"@loader_path/Frameworks",
				);
				PRODUCT_BUNDLE_IDENTIFIER = "com.anpleenko-dev.KmezaUITests";
				PRODUCT_NAME = "$(TARGET_NAME)";
				SWIFT_VERSION = 5.0;
				TARGETED_DEVICE_FAMILY = "1,2";
				TEST_TARGET_NAME = Kmeza;
			};
			name = Release;
		};
/* End XCBuildConfiguration section */

/* Begin XCConfigurationList section */
		734DE2772586780C0006E607 /* Build configuration list for PBXProject "Kmeza" */ = {
			isa = XCConfigurationList;
			buildConfigurations = (
				734DE2A42586780C0006E607 /* Debug */,
				734DE2A52586780C0006E607 /* Release */,
			);
			defaultConfigurationIsVisible = 0;
			defaultConfigurationName = Release;
		};
		734DE2A62586780C0006E607 /* Build configuration list for PBXNativeTarget "Kmeza" */ = {
			isa = XCConfigurationList;
			buildConfigurations = (
				734DE2A72586780C0006E607 /* Debug */,
				734DE2A82586780C0006E607 /* Release */,
			);
			defaultConfigurationIsVisible = 0;
			defaultConfigurationName = Release;
		};
		734DE2A92586780C0006E607 /* Build configuration list for PBXNativeTarget "KmezaTests" */ = {
			isa = XCConfigurationList;
			buildConfigurations = (
				734DE2AA2586780C0006E607 /* Debug */,
				734DE2AB2586780C0006E607 /* Release */,
			);
			defaultConfigurationIsVisible = 0;
			defaultConfigurationName = Release;
		};
		734DE2AC2586780C0006E607 /* Build configuration list for PBXNativeTarget "KmezaUITests" */ = {
			isa = XCConfigurationList;
			buildConfigurations = (
				734DE2AD2586780C0006E607 /* Debug */,
				734DE2AE2586780C0006E607 /* Release */,
			);
			defaultConfigurationIsVisible = 0;
			defaultConfigurationName = Release;
		};
/* End XCConfigurationList section */
	};
	rootObject = 734DE2742586780C0006E607 /* Project object */;
}
